
Microsoft Visual Studio Solution File, Format Version 12.00
# Visual Studio Version 17
VisualStudioVersion = 17.6.33815.320
MinimumVisualStudioVersion = 10.0.40219.1
Project("{FAE04EC0-301F-11D3-BF4B-00C04F79EFBC}") = "Pogoda", "Pogoda\Pogoda.csproj", "{AD98C20B-6485-493E-9056-2ABA4BE603F9}"
EndProject
Global
	GlobalSection(SolutionConfigurationPlatforms) = preSolution
		Debug|Any CPU = Debug|Any CPU
		Release|Any CPU = Release|Any CPU
	EndGlobalSection
	GlobalSection(ProjectConfigurationPlatforms) = postSolution
		{AD98C20B-6485-493E-9056-2ABA4BE603F9}.Debug|Any CPU.ActiveCfg = Debug|Any CPU
		{AD98C20B-6485-493E-9056-2ABA4BE603F9}.Debug|Any CPU.Build.0 = Debug|Any CPU
		{AD98C20B-6485-493E-9056-2ABA4BE603F9}.Release|Any CPU.ActiveCfg = Release|Any CPU
		{AD98C20B-6485-493E-9056-2ABA4BE603F9}.Release|Any CPU.Build.0 = Release|Any CPU
	EndGlobalSection
	GlobalSection(SolutionProperties) = preSolution
		HideSolutionNode = FALSE
	EndGlobalSection
	GlobalSection(ExtensibilityGlobals) = postSolution
		SolutionGuid = {BB9E62D1-45AB-426F-991C-CC4119F3EAA2}
	EndGlobalSection
EndGlobal
